
Microsoft Visual Studio Solution File, Format Version 12.00
# Visual Studio Version 17
VisualStudioVersion = 17.2.32630.192
MinimumVisualStudioVersion = 10.0.40219.1
Project("{FAE04EC0-301F-11D3-BF4B-00C04F79EFBC}") = "BlazorApp", "BlazorApp\BlazorApp.csproj", "{9651CF71-C5E7-4CD6-88E7-B33977DAB9E8}"
EndProject
Global
	GlobalSection(SolutionConfigurationPlatforms) = preSolution
		Debug|Any CPU = Debug|Any CPU
		Release|Any CPU = Release|Any CPU
	EndGlobalSection
	GlobalSection(ProjectConfigurationPlatforms) = postSolution
		{9651CF71-C5E7-4CD6-88E7-B33977DAB9E8}.Debug|Any CPU.ActiveCfg = Debug|Any CPU
		{9651CF71-C5E7-4CD6-88E7-B33977DAB9E8}.Debug|Any CPU.Build.0 = Debug|Any CPU
		{9651CF71-C5E7-4CD6-88E7-B33977DAB9E8}.Release|Any CPU.ActiveCfg = Release|Any CPU
		{9651CF71-C5E7-4CD6-88E7-B33977DAB9E8}.Release|Any CPU.Build.0 = Release|Any CPU
	EndGlobalSection
	GlobalSection(SolutionProperties) = preSolution
		HideSolutionNode = FALSE
	EndGlobalSection
	GlobalSection(ExtensibilityGlobals) = postSolution
		SolutionGuid = {C6E6891F-3120-4992-96C9-46093F72E3B0}
	EndGlobalSection
EndGlobal
